// !$*UTF8*$!
{
	archiveVersion = 1;
	classes = {
	};
	objectVersion = 50;
	objects = {

/* Begin PBXBuildFile section */
		8493FC8E2595921300EBC3B1 /* AppDelegate.swift in Sources */ = {isa = PBXBuildFile; fileRef = 8493FC8D2595921300EBC3B1 /* AppDelegate.swift */; };
		8493FC902595921300EBC3B1 /* SceneDelegate.swift in Sources */ = {isa = PBXBuildFile; fileRef = 8493FC8F2595921300EBC3B1 /* SceneDelegate.swift */; };
		8493FC922595921300EBC3B1 /* ViewController.swift in Sources */ = {isa = PBXBuildFile; fileRef = 8493FC912595921300EBC3B1 /* ViewController.swift */; };
		8493FC952595921300EBC3B1 /* Main.storyboard in Resources */ = {isa = PBXBuildFile; fileRef = 8493FC932595921300EBC3B1 /* Main.storyboard */; };
		8493FC982595921300EBC3B1 /* Tortuga.xcdatamodeld in Sources */ = {isa = PBXBuildFile; fileRef = 8493FC962595921300EBC3B1 /* Tortuga.xcdatamodeld */; };
		8493FC9A2595921600EBC3B1 /* Assets.xcassets in Resources */ = {isa = PBXBuildFile; fileRef = 8493FC992595921600EBC3B1 /* Assets.xcassets */; };
		8493FC9D2595921600EBC3B1 /* LaunchScreen.storyboard in Resources */ = {isa = PBXBuildFile; fileRef = 8493FC9B2595921600EBC3B1 /* LaunchScreen.storyboard */; };
		8493FCA82595921700EBC3B1 /* TortugaTests.swift in Sources */ = {isa = PBXBuildFile; fileRef = 8493FCA72595921700EBC3B1 /* TortugaTests.swift */; };
		8493FCB32595921700EBC3B1 /* TortugaUITests.swift in Sources */ = {isa = PBXBuildFile; fileRef = 8493FCB22595921700EBC3B1 /* TortugaUITests.swift */; };
/* End PBXBuildFile section */

/* Begin PBXContainerItemProxy section */
		8493FCA42595921700EBC3B1 /* PBXContainerItemProxy */ = {
			isa = PBXContainerItemProxy;
			containerPortal = 8493FC822595921200EBC3B1 /* Project object */;
			proxyType = 1;
			remoteGlobalIDString = 8493FC892595921300EBC3B1;
			remoteInfo = Tortuga;
		};
		8493FCAF2595921700EBC3B1 /* PBXContainerItemProxy */ = {
			isa = PBXContainerItemProxy;
			containerPortal = 8493FC822595921200EBC3B1 /* Project object */;
			proxyType = 1;
			remoteGlobalIDString = 8493FC892595921300EBC3B1;
			remoteInfo = Tortuga;
		};
/* End PBXContainerItemProxy section */

/* Begin PBXFileReference section */
		8493FC8A2595921300EBC3B1 /* Tortuga.app */ = {isa = PBXFileReference; explicitFileType = wrapper.application; includeInIndex = 0; path = Tortuga.app; sourceTree = BUILT_PRODUCTS_DIR; };
		8493FC8D2595921300EBC3B1 /* AppDelegate.swift */ = {isa = PBXFileReference; lastKnownFileType = sourcecode.swift; path = AppDelegate.swift; sourceTree = "<group>"; };
		8493FC8F2595921300EBC3B1 /* SceneDelegate.swift */ = {isa = PBXFileReference; lastKnownFileType = sourcecode.swift; path = SceneDelegate.swift; sourceTree = "<group>"; };
		8493FC912595921300EBC3B1 /* ViewController.swift */ = {isa = PBXFileReference; lastKnownFileType = sourcecode.swift; path = ViewController.swift; sourceTree = "<group>"; };
		8493FC942595921300EBC3B1 /* Base */ = {isa = PBXFileReference; lastKnownFileType = file.storyboard; name = Base; path = Base.lproj/Main.storyboard; sourceTree = "<group>"; };
		8493FC972595921300EBC3B1 /* Tortuga.xcdatamodel */ = {isa = PBXFileReference; lastKnownFileType = wrapper.xcdatamodel; path = Tortuga.xcdatamodel; sourceTree = "<group>"; };
		8493FC992595921600EBC3B1 /* Assets.xcassets */ = {isa = PBXFileReference; lastKnownFileType = folder.assetcatalog; path = Assets.xcassets; sourceTree = "<group>"; };
		8493FC9C2595921600EBC3B1 /* Base */ = {isa = PBXFileReference; lastKnownFileType = file.storyboard; name = Base; path = Base.lproj/LaunchScreen.storyboard; sourceTree = "<group>"; };
		8493FC9E2595921600EBC3B1 /* Info.plist */ = {isa = PBXFileReference; lastKnownFileType = text.plist.xml; path = Info.plist; sourceTree = "<group>"; };
		8493FCA32595921700EBC3B1 /* TortugaTests.xctest */ = {isa = PBXFileReference; explicitFileType = wrapper.cfbundle; includeInIndex = 0; path = TortugaTests.xctest; sourceTree = BUILT_PRODUCTS_DIR; };
		8493FCA72595921700EBC3B1 /* TortugaTests.swift */ = {isa = PBXFileReference; lastKnownFileType = sourcecode.swift; path = TortugaTests.swift; sourceTree = "<group>"; };
		8493FCA92595921700EBC3B1 /* Info.plist */ = {isa = PBXFileReference; lastKnownFileType = text.plist.xml; path = Info.plist; sourceTree = "<group>"; };
		8493FCAE2595921700EBC3B1 /* TortugaUITests.xctest */ = {isa = PBXFileReference; explicitFileType = wrapper.cfbundle; includeInIndex = 0; path = TortugaUITests.xctest; sourceTree = BUILT_PRODUCTS_DIR; };
		8493FCB22595921700EBC3B1 /* TortugaUITests.swift */ = {isa = PBXFileReference; lastKnownFileType = sourcecode.swift; path = TortugaUITests.swift; sourceTree = "<group>"; };
		8493FCB42595921700EBC3B1 /* Info.plist */ = {isa = PBXFileReference; lastKnownFileType = text.plist.xml; path = Info.plist; sourceTree = "<group>"; };
/* End PBXFileReference section */

/* Begin PBXFrameworksBuildPhase section */
		8493FC872595921300EBC3B1 /* Frameworks */ = {
			isa = PBXFrameworksBuildPhase;
			buildActionMask = 2147483647;
			files = (
			);
			runOnlyForDeploymentPostprocessing = 0;
		};
		8493FCA02595921700EBC3B1 /* Frameworks */ = {
			isa = PBXFrameworksBuildPhase;
			buildActionMask = 2147483647;
			files = (
			);
			runOnlyForDeploymentPostprocessing = 0;
		};
		8493FCAB2595921700EBC3B1 /* Frameworks */ = {
			isa = PBXFrameworksBuildPhase;
			buildActionMask = 2147483647;
			files = (
			);
			runOnlyForDeploymentPostprocessing = 0;
		};
/* End PBXFrameworksBuildPhase section */

/* Begin PBXGroup section */
		8493FC812595921200EBC3B1 = {
			isa = PBXGroup;
			children = (
				8493FC8C2595921300EBC3B1 /* Tortuga */,
				8493FCA62595921700EBC3B1 /* TortugaTests */,
				8493FCB12595921700EBC3B1 /* TortugaUITests */,
				8493FC8B2595921300EBC3B1 /* Products */,
			);
			sourceTree = "<group>";
		};
		8493FC8B2595921300EBC3B1 /* Products */ = {
			isa = PBXGroup;
			children = (
				8493FC8A2595921300EBC3B1 /* Tortuga.app */,
				8493FCA32595921700EBC3B1 /* TortugaTests.xctest */,
				8493FCAE2595921700EBC3B1 /* TortugaUITests.xctest */,
			);
			name = Products;
			sourceTree = "<group>";
		};
		8493FC8C2595921300EBC3B1 /* Tortuga */ = {
			isa = PBXGroup;
			children = (
				8493FC8D2595921300EBC3B1 /* AppDelegate.swift */,
				8493FC8F2595921300EBC3B1 /* SceneDelegate.swift */,
				8493FC912595921300EBC3B1 /* ViewController.swift */,
				8493FC932595921300EBC3B1 /* Main.storyboard */,
				8493FC992595921600EBC3B1 /* Assets.xcassets */,
				8493FC9B2595921600EBC3B1 /* LaunchScreen.storyboard */,
				8493FC9E2595921600EBC3B1 /* Info.plist */,
				8493FC962595921300EBC3B1 /* Tortuga.xcdatamodeld */,
			);
			path = Tortuga;
			sourceTree = "<group>";
		};
		8493FCA62595921700EBC3B1 /* TortugaTests */ = {
			isa = PBXGroup;
			children = (
				8493FCA72595921700EBC3B1 /* TortugaTests.swift */,
				8493FCA92595921700EBC3B1 /* Info.plist */,
			);
			path = TortugaTests;
			sourceTree = "<group>";
		};
		8493FCB12595921700EBC3B1 /* TortugaUITests */ = {
			isa = PBXGroup;
			children = (
				8493FCB22595921700EBC3B1 /* TortugaUITests.swift */,
				8493FCB42595921700EBC3B1 /* Info.plist */,
			);
			path = TortugaUITests;
			sourceTree = "<group>";
		};
/* End PBXGroup section */

/* Begin PBXNativeTarget section */
		8493FC892595921300EBC3B1 /* Tortuga */ = {
			isa = PBXNativeTarget;
			buildConfigurationList = 8493FCB72595921700EBC3B1 /* Build configuration list for PBXNativeTarget "Tortuga" */;
			buildPhases = (
				8493FC862595921300EBC3B1 /* Sources */,
				8493FC872595921300EBC3B1 /* Frameworks */,
				8493FC882595921300EBC3B1 /* Resources */,
			);
			buildRules = (
			);
			dependencies = (
			);
			name = Tortuga;
			productName = Tortuga;
			productReference = 8493FC8A2595921300EBC3B1 /* Tortuga.app */;
			productType = "com.apple.product-type.application";
		};
		8493FCA22595921700EBC3B1 /* TortugaTests */ = {
			isa = PBXNativeTarget;
			buildConfigurationList = 8493FCBA2595921700EBC3B1 /* Build configuration list for PBXNativeTarget "TortugaTests" */;
			buildPhases = (
				8493FC9F2595921700EBC3B1 /* Sources */,
				8493FCA02595921700EBC3B1 /* Frameworks */,
				8493FCA12595921700EBC3B1 /* Resources */,
			);
			buildRules = (
			);
			dependencies = (
				8493FCA52595921700EBC3B1 /* PBXTargetDependency */,
			);
			name = TortugaTests;
			productName = TortugaTests;
			productReference = 8493FCA32595921700EBC3B1 /* TortugaTests.xctest */;
			productType = "com.apple.product-type.bundle.unit-test";
		};
		8493FCAD2595921700EBC3B1 /* TortugaUITests */ = {
			isa = PBXNativeTarget;
			buildConfigurationList = 8493FCBD2595921700EBC3B1 /* Build configuration list for PBXNativeTarget "TortugaUITests" */;
			buildPhases = (
				8493FCAA2595921700EBC3B1 /* Sources */,
				8493FCAB2595921700EBC3B1 /* Frameworks */,
				8493FCAC2595921700EBC3B1 /* Resources */,
			);
			buildRules = (
			);
			dependencies = (
				8493FCB02595921700EBC3B1 /* PBXTargetDependency */,
			);
			name = TortugaUITests;
			productName = TortugaUITests;
			productReference = 8493FCAE2595921700EBC3B1 /* TortugaUITests.xctest */;
			productType = "com.apple.product-type.bundle.ui-testing";
		};
/* End PBXNativeTarget section */

/* Begin PBXProject section */
		8493FC822595921200EBC3B1 /* Project object */ = {
			isa = PBXProject;
			attributes = {
				LastSwiftUpdateCheck = 1220;
				LastUpgradeCheck = 1220;
				TargetAttributes = {
					8493FC892595921300EBC3B1 = {
						CreatedOnToolsVersion = 12.2;
					};
					8493FCA22595921700EBC3B1 = {
						CreatedOnToolsVersion = 12.2;
						TestTargetID = 8493FC892595921300EBC3B1;
					};
					8493FCAD2595921700EBC3B1 = {
						CreatedOnToolsVersion = 12.2;
						TestTargetID = 8493FC892595921300EBC3B1;
					};
				};
			};
			buildConfigurationList = 8493FC852595921200EBC3B1 /* Build configuration list for PBXProject "Tortuga" */;
			compatibilityVersion = "Xcode 9.3";
			developmentRegion = en;
			hasScannedForEncodings = 0;
			knownRegions = (
				en,
				Base,
			);
			mainGroup = 8493FC812595921200EBC3B1;
			productRefGroup = 8493FC8B2595921300EBC3B1 /* Products */;
			projectDirPath = "";
			projectRoot = "";
			targets = (
				8493FC892595921300EBC3B1 /* Tortuga */,
				8493FCA22595921700EBC3B1 /* TortugaTests */,
				8493FCAD2595921700EBC3B1 /* TortugaUITests */,
			);
		};
/* End PBXProject section */

/* Begin PBXResourcesBuildPhase section */
		8493FC882595921300EBC3B1 /* Resources */ = {
			isa = PBXResourcesBuildPhase;
			buildActionMask = 2147483647;
			files = (
				8493FC9D2595921600EBC3B1 /* LaunchScreen.storyboard in Resources */,
				8493FC9A2595921600EBC3B1 /* Assets.xcassets in Resources */,
				8493FC952595921300EBC3B1 /* Main.storyboard in Resources */,
			);
			runOnlyForDeploymentPostprocessing = 0;
		};
		8493FCA12595921700EBC3B1 /* Resources */ = {
			isa = PBXResourcesBuildPhase;
			buildActionMask = 2147483647;
			files = (
			);
			runOnlyForDeploymentPostprocessing = 0;
		};
		8493FCAC2595921700EBC3B1 /* Resources */ = {
			isa = PBXResourcesBuildPhase;
			buildActionMask = 2147483647;
			files = (
			);
			runOnlyForDeploymentPostprocessing = 0;
		};
/* End PBXResourcesBuildPhase section */

/* Begin PBXSourcesBuildPhase section */
		8493FC862595921300EBC3B1 /* Sources */ = {
			isa = PBXSourcesBuildPhase;
			buildActionMask = 2147483647;
			files = (
				8493FC922595921300EBC3B1 /* ViewController.swift in Sources */,
				8493FC8E2595921300EBC3B1 /* AppDelegate.swift in Sources */,
				8493FC982595921300EBC3B1 /* Tortuga.xcdatamodeld in Sources */,
				8493FC902595921300EBC3B1 /* SceneDelegate.swift in Sources */,
			);
			runOnlyForDeploymentPostprocessing = 0;
		};
		8493FC9F2595921700EBC3B1 /* Sources */ = {
			isa = PBXSourcesBuildPhase;
			buildActionMask = 2147483647;
			files = (
				8493FCA82595921700EBC3B1 /* TortugaTests.swift in Sources */,
			);
			runOnlyForDeploymentPostprocessing = 0;
		};
		8493FCAA2595921700EBC3B1 /* Sources */ = {
			isa = PBXSourcesBuildPhase;
			buildActionMask = 2147483647;
			files = (
				8493FCB32595921700EBC3B1 /* TortugaUITests.swift in Sources */,
			);
			runOnlyForDeploymentPostprocessing = 0;
		};
/* End PBXSourcesBuildPhase section */

/* Begin PBXTargetDependency section */
		8493FCA52595921700EBC3B1 /* PBXTargetDependency */ = {
			isa = PBXTargetDependency;
			target = 8493FC892595921300EBC3B1 /* Tortuga */;
			targetProxy = 8493FCA42595921700EBC3B1 /* PBXContainerItemProxy */;
		};
		8493FCB02595921700EBC3B1 /* PBXTargetDependency */ = {
			isa = PBXTargetDependency;
			target = 8493FC892595921300EBC3B1 /* Tortuga */;
			targetProxy = 8493FCAF2595921700EBC3B1 /* PBXContainerItemProxy */;
		};
/* End PBXTargetDependency section */

/* Begin PBXVariantGroup section */
		8493FC932595921300EBC3B1 /* Main.storyboard */ = {
			isa = PBXVariantGroup;
			children = (
				8493FC942595921300EBC3B1 /* Base */,
			);
			name = Main.storyboard;
			sourceTree = "<group>";
		};
		8493FC9B2595921600EBC3B1 /* LaunchScreen.storyboard */ = {
			isa = PBXVariantGroup;
			children = (
				8493FC9C2595921600EBC3B1 /* Base */,
			);
			name = LaunchScreen.storyboard;
			sourceTree = "<group>";
		};
/* End PBXVariantGroup section */

/* Begin XCBuildConfiguration section */
		8493FCB52595921700EBC3B1 /* Debug */ = {
			isa = XCBuildConfiguration;
			buildSettings = {
				ALWAYS_SEARCH_USER_PATHS = NO;
				CLANG_ANALYZER_NONNULL = YES;
				CLANG_ANALYZER_NUMBER_OBJECT_CONVERSION = YES_AGGRESSIVE;
				CLANG_CXX_LANGUAGE_STANDARD = "gnu++14";
				CLANG_CXX_LIBRARY = "libc++";
				CLANG_ENABLE_MODULES = YES;
				CLANG_ENABLE_OBJC_ARC = YES;
				CLANG_ENABLE_OBJC_WEAK = YES;
				CLANG_WARN_BLOCK_CAPTURE_AUTORELEASING = YES;
				CLANG_WARN_BOOL_CONVERSION = YES;
				CLANG_WARN_COMMA = YES;
				CLANG_WARN_CONSTANT_CONVERSION = YES;
				CLANG_WARN_DEPRECATED_OBJC_IMPLEMENTATIONS = YES;
				CLANG_WARN_DIRECT_OBJC_ISA_USAGE = YES_ERROR;
				CLANG_WARN_DOCUMENTATION_COMMENTS = YES;
				CLANG_WARN_EMPTY_BODY = YES;
				CLANG_WARN_ENUM_CONVERSION = YES;
				CLANG_WARN_INFINITE_RECURSION = YES;
				CLANG_WARN_INT_CONVERSION = YES;
				CLANG_WARN_NON_LITERAL_NULL_CONVERSION = YES;
				CLANG_WARN_OBJC_IMPLICIT_RETAIN_SELF = YES;
				CLANG_WARN_OBJC_LITERAL_CONVERSION = YES;
				CLANG_WARN_OBJC_ROOT_CLASS = YES_ERROR;
				CLANG_WARN_QUOTED_INCLUDE_IN_FRAMEWORK_HEADER = YES;
				CLANG_WARN_RANGE_LOOP_ANALYSIS = YES;
				CLANG_WARN_STRICT_PROTOTYPES = YES;
				CLANG_WARN_SUSPICIOUS_MOVE = YES;
				CLANG_WARN_UNGUARDED_AVAILABILITY = YES_AGGRESSIVE;
				CLANG_WARN_UNREACHABLE_CODE = YES;
				CLANG_WARN__DUPLICATE_METHOD_MATCH = YES;
				COPY_PHASE_STRIP = NO;
				DEBUG_INFORMATION_FORMAT = dwarf;
				ENABLE_STRICT_OBJC_MSGSEND = YES;
				ENABLE_TESTABILITY = YES;
				GCC_C_LANGUAGE_STANDARD = gnu11;
				GCC_DYNAMIC_NO_PIC = NO;
				GCC_NO_COMMON_BLOCKS = YES;
				GCC_OPTIMIZATION_LEVEL = 0;
				GCC_PREPROCESSOR_DEFINITIONS = (
					"DEBUG=1",
					"$(inherited)",
				);
				GCC_WARN_64_TO_32_BIT_CONVERSION = YES;
				GCC_WARN_ABOUT_RETURN_TYPE = YES_ERROR;
				GCC_WARN_UNDECLARED_SELECTOR = YES;
				GCC_WARN_UNINITIALIZED_AUTOS = YES_AGGRESSIVE;
				GCC_WARN_UNUSED_FUNCTION = YES;
				GCC_WARN_UNUSED_VARIABLE = YES;
				IPHONEOS_DEPLOYMENT_TARGET = 14.2;
				MTL_ENABLE_DEBUG_INFO = INCLUDE_SOURCE;
				MTL_FAST_MATH = YES;
				ONLY_ACTIVE_ARCH = YES;
				SDKROOT = iphoneos;
				SWIFT_ACTIVE_COMPILATION_CONDITIONS = DEBUG;
				SWIFT_OPTIMIZATION_LEVEL = "-Onone";
			};
			name = Debug;
		};
		8493FCB62595921700EBC3B1 /* Release */ = {
			isa = XCBuildConfiguration;
			buildSettings = {
				ALWAYS_SEARCH_USER_PATHS = NO;
				CLANG_ANALYZER_NONNULL = YES;
				CLANG_ANALYZER_NUMBER_OBJECT_CONVERSION = YES_AGGRESSIVE;
				CLANG_CXX_LANGUAGE_STANDARD = "gnu++14";
				CLANG_CXX_LIBRARY = "libc++";
				CLANG_ENABLE_MODULES = YES;
				CLANG_ENABLE_OBJC_ARC = YES;
				CLANG_ENABLE_OBJC_WEAK = YES;
				CLANG_WARN_BLOCK_CAPTURE_AUTORELEASING = YES;
				CLANG_WARN_BOOL_CONVERSION = YES;
				CLANG_WARN_COMMA = YES;
				CLANG_WARN_CONSTANT_CONVERSION = YES;
				CLANG_WARN_DEPRECATED_OBJC_IMPLEMENTATIONS = YES;
				CLANG_WARN_DIRECT_OBJC_ISA_USAGE = YES_ERROR;
				CLANG_WARN_DOCUMENTATION_COMMENTS = YES;
				CLANG_WARN_EMPTY_BODY = YES;
				CLANG_WARN_ENUM_CONVERSION = YES;
				CLANG_WARN_INFINITE_RECURSION = YES;
				CLANG_WARN_INT_CONVERSION = YES;
				CLANG_WARN_NON_LITERAL_NULL_CONVERSION = YES;
				CLANG_WARN_OBJC_IMPLICIT_RETAIN_SELF = YES;
				CLANG_WARN_OBJC_LITERAL_CONVERSION = YES;
				CLANG_WARN_OBJC_ROOT_CLASS = YES_ERROR;
				CLANG_WARN_QUOTED_INCLUDE_IN_FRAMEWORK_HEADER = YES;
				CLANG_WARN_RANGE_LOOP_ANALYSIS = YES;
				CLANG_WARN_STRICT_PROTOTYPES = YES;
				CLANG_WARN_SUSPICIOUS_MOVE = YES;
				CLANG_WARN_UNGUARDED_AVAILABILITY = YES_AGGRESSIVE;
				CLANG_WARN_UNREACHABLE_CODE = YES;
				CLANG_WARN__DUPLICATE_METHOD_MATCH = YES;
				COPY_PHASE_STRIP = NO;
				DEBUG_INFORMATION_FORMAT = "dwarf-with-dsym";
				ENABLE_NS_ASSERTIONS = NO;
				ENABLE_STRICT_OBJC_MSGSEND = YES;
				GCC_C_LANGUAGE_STANDARD = gnu11;
				GCC_NO_COMMON_BLOCKS = YES;
				GCC_WARN_64_TO_32_BIT_CONVERSION = YES;
				GCC_WARN_ABOUT_RETURN_TYPE = YES_ERROR;
				GCC_WARN_UNDECLARED_SELECTOR = YES;
				GCC_WARN_UNINITIALIZED_AUTOS = YES_AGGRESSIVE;
				GCC_WARN_UNUSED_FUNCTION = YES;
				GCC_WARN_UNUSED_VARIABLE = YES;
				IPHONEOS_DEPLOYMENT_TARGET = 14.2;
				MTL_ENABLE_DEBUG_INFO = NO;
				MTL_FAST_MATH = YES;
				SDKROOT = iphoneos;
				SWIFT_COMPILATION_MODE = wholemodule;
				SWIFT_OPTIMIZATION_LEVEL = "-O";
				VALIDATE_PRODUCT = YES;
			};
			name = Release;
		};
		8493FCB82595921700EBC3B1 /* Debug */ = {
			isa = XCBuildConfiguration;
			buildSettings = {
				ASSETCATALOG_COMPILER_APPICON_NAME = AppIcon;
				ASSETCATALOG_COMPILER_GLOBAL_ACCENT_COLOR_NAME = AccentColor;
				CODE_SIGN_STYLE = Automatic;
				DEVELOPMENT_TEAM = CQV98Z67F7;
				INFOPLIST_FILE = Tortuga/Info.plist;
				LD_RUNPATH_SEARCH_PATHS = (
					"$(inherited)",
					"@executable_path/Frameworks",
				);
				PRODUCT_BUNDLE_IDENTIFIER = g.Tortuga;
				PRODUCT_NAME = "$(TARGET_NAME)";
				SWIFT_VERSION = 5.0;
				TARGETED_DEVICE_FAMILY = "1,2";
			};
			name = Debug;
		};
		8493FCB92595921700EBC3B1 /* Release */ = {
			isa = XCBuildConfiguration;
			buildSettings = {
				ASSETCATALOG_COMPILER_APPICON_NAME = AppIcon;
				ASSETCATALOG_COMPILER_GLOBAL_ACCENT_COLOR_NAME = AccentColor;
				CODE_SIGN_STYLE = Automatic;
				DEVELOPMENT_TEAM = CQV98Z67F7;
				INFOPLIST_FILE = Tortuga/Info.plist;
				LD_RUNPATH_SEARCH_PATHS = (
					"$(inherited)",
					"@executable_path/Frameworks",
				);
				PRODUCT_BUNDLE_IDENTIFIER = g.Tortuga;
				PRODUCT_NAME = "$(TARGET_NAME)";
				SWIFT_VERSION = 5.0;
				TARGETED_DEVICE_FAMILY = "1,2";
			};
			name = Release;
		};
		8493FCBB2595921700EBC3B1 /* Debug */ = {
			isa = XCBuildConfiguration;
			buildSettings = {
				ALWAYS_EMBED_SWIFT_STANDARD_LIBRARIES = YES;
				BUNDLE_LOADER = "$(TEST_HOST)";
				CODE_SIGN_STYLE = Automatic;
				DEVELOPMENT_TEAM = CQV98Z67F7;
				INFOPLIST_FILE = TortugaTests/Info.plist;
				IPHONEOS_DEPLOYMENT_TARGET = 14.2;
				LD_RUNPATH_SEARCH_PATHS = (
					"$(inherited)",
					"@executable_path/Frameworks",
					"@loader_path/Frameworks",
				);
				PRODUCT_BUNDLE_IDENTIFIER = g.TortugaTests;
				PRODUCT_NAME = "$(TARGET_NAME)";
				SWIFT_VERSION = 5.0;
				TARGETED_DEVICE_FAMILY = "1,2";
				TEST_HOST = "$(BUILT_PRODUCTS_DIR)/Tortuga.app/Tortuga";
			};
			name = Debug;
		};
		8493FCBC2595921700EBC3B1 /* Release */ = {
			isa = XCBuildConfiguration;
			buildSettings = {
				ALWAYS_EMBED_SWIFT_STANDARD_LIBRARIES = YES;
				BUNDLE_LOADER = "$(TEST_HOST)";
				CODE_SIGN_STYLE = Automatic;
				DEVELOPMENT_TEAM = CQV98Z67F7;
				INFOPLIST_FILE = TortugaTests/Info.plist;
				IPHONEOS_DEPLOYMENT_TARGET = 14.2;
				LD_RUNPATH_SEARCH_PATHS = (
					"$(inherited)",
					"@executable_path/Frameworks",
					"@loader_path/Frameworks",
				);
				PRODUCT_BUNDLE_IDENTIFIER = g.TortugaTests;
				PRODUCT_NAME = "$(TARGET_NAME)";
				SWIFT_VERSION = 5.0;
				TARGETED_DEVICE_FAMILY = "1,2";
				TEST_HOST = "$(BUILT_PRODUCTS_DIR)/Tortuga.app/Tortuga";
			};
			name = Release;
		};
		8493FCBE2595921700EBC3B1 /* Debug */ = {
			isa = XCBuildConfiguration;
			buildSettings = {
				ALWAYS_EMBED_SWIFT_STANDARD_LIBRARIES = YES;
				CODE_SIGN_STYLE = Automatic;
				DEVELOPMENT_TEAM = CQV98Z67F7;
				INFOPLIST_FILE = TortugaUITests/Info.plist;
				LD_RUNPATH_SEARCH_PATHS = (
					"$(inherited)",
					"@executable_path/Frameworks",
					"@loader_path/Frameworks",
				);
				PRODUCT_BUNDLE_IDENTIFIER = g.TortugaUITests;
				PRODUCT_NAME = "$(TARGET_NAME)";
				SWIFT_VERSION = 5.0;
				TARGETED_DEVICE_FAMILY = "1,2";
				TEST_TARGET_NAME = Tortuga;
			};
			name = Debug;
		};
		8493FCBF2595921700EBC3B1 /* Release */ = {
			isa = XCBuildConfiguration;
			buildSettings = {
				ALWAYS_EMBED_SWIFT_STANDARD_LIBRARIES = YES;
				CODE_SIGN_STYLE = Automatic;
				DEVELOPMENT_TEAM = CQV98Z67F7;
				INFOPLIST_FILE = TortugaUITests/Info.plist;
				LD_RUNPATH_SEARCH_PATHS = (
					"$(inherited)",
					"@executable_path/Frameworks",
					"@loader_path/Frameworks",
				);
				PRODUCT_BUNDLE_IDENTIFIER = g.TortugaUITests;
				PRODUCT_NAME = "$(TARGET_NAME)";
				SWIFT_VERSION = 5.0;
				TARGETED_DEVICE_FAMILY = "1,2";
				TEST_TARGET_NAME = Tortuga;
			};
			name = Release;
		};
/* End XCBuildConfiguration section */

/* Begin XCConfigurationList section */
		8493FC852595921200EBC3B1 /* Build configuration list for PBXProject "Tortuga" */ = {
			isa = XCConfigurationList;
			buildConfigurations = (
				8493FCB52595921700EBC3B1 /* Debug */,
				8493FCB62595921700EBC3B1 /* Release */,
			);
			defaultConfigurationIsVisible = 0;
			defaultConfigurationName = Release;
		};
		8493FCB72595921700EBC3B1 /* Build configuration list for PBXNativeTarget "Tortuga" */ = {
			isa = XCConfigurationList;
			buildConfigurations = (
				8493FCB82595921700EBC3B1 /* Debug */,
				8493FCB92595921700EBC3B1 /* Release */,
			);
			defaultConfigurationIsVisible = 0;
			defaultConfigurationName = Release;
		};
		8493FCBA2595921700EBC3B1 /* Build configuration list for PBXNativeTarget "TortugaTests" */ = {
			isa = XCConfigurationList;
			buildConfigurations = (
				8493FCBB2595921700EBC3B1 /* Debug */,
				8493FCBC2595921700EBC3B1 /* Release */,
			);
			defaultConfigurationIsVisible = 0;
			defaultConfigurationName = Release;
		};
		8493FCBD2595921700EBC3B1 /* Build configuration list for PBXNativeTarget "TortugaUITests" */ = {
			isa = XCConfigurationList;
			buildConfigurations = (
				8493FCBE2595921700EBC3B1 /* Debug */,
				8493FCBF2595921700EBC3B1 /* Release */,
			);
			defaultConfigurationIsVisible = 0;
			defaultConfigurationName = Release;
		};
/* End XCConfigurationList section */

/* Begin XCVersionGroup section */
		8493FC962595921300EBC3B1 /* Tortuga.xcdatamodeld */ = {
			isa = XCVersionGroup;
			children = (
				8493FC972595921300EBC3B1 /* Tortuga.xcdatamodel */,
			);
			currentVersion = 8493FC972595921300EBC3B1 /* Tortuga.xcdatamodel */;
			path = Tortuga.xcdatamodeld;
			sourceTree = "<group>";
			versionGroupType = wrapper.xcdatamodel;
		};
/* End XCVersionGroup section */
	};
	rootObject = 8493FC822595921200EBC3B1 /* Project object */;
}
